
Microsoft Visual Studio Solution File, Format Version 12.00
# Visual Studio Version 16
VisualStudioVersion = 16.0.30128.74
MinimumVisualStudioVersion = 10.0.40219.1
Project("{FAE04EC0-301F-11D3-BF4B-00C04F79EFBC}") = "Laba6Task2", "Laba6Task2\Laba6Task2.csproj", "{6A7E33D4-9090-4A1A-ADD6-225B4ECE0DCE}"
EndProject
Global
	GlobalSection(SolutionConfigurationPlatforms) = preSolution
		Debug|Any CPU = Debug|Any CPU
		Release|Any CPU = Release|Any CPU
	EndGlobalSection
	GlobalSection(ProjectConfigurationPlatforms) = postSolution
		{6A7E33D4-9090-4A1A-ADD6-225B4ECE0DCE}.Debug|Any CPU.ActiveCfg = Debug|Any CPU
		{6A7E33D4-9090-4A1A-ADD6-225B4ECE0DCE}.Debug|Any CPU.Build.0 = Debug|Any CPU
		{6A7E33D4-9090-4A1A-ADD6-225B4ECE0DCE}.Release|Any CPU.ActiveCfg = Release|Any CPU
		{6A7E33D4-9090-4A1A-ADD6-225B4ECE0DCE}.Release|Any CPU.Build.0 = Release|Any CPU
	EndGlobalSection
	GlobalSection(SolutionProperties) = preSolution
		HideSolutionNode = FALSE
	EndGlobalSection
	GlobalSection(ExtensibilityGlobals) = postSolution
		SolutionGuid = {AB4F1C50-BC86-4441-A17E-87D2A809476E}
	EndGlobalSection
EndGlobal
